{
  "name": "admin-web",
  "version": "0.1.0",
  "lockfileVersion": 3,
  "requires": true,
  "packages": {
    "": {
      "name": "admin-web",
      "version": "0.1.0",
      "dependencies": {
        "@supabase/ssr": "^0.5.2",
        "@supabase/supabase-js": "^2.49.8",
        "next": "^15.5.18",
        "react": "18.3.1",
        "react-dom": "18.3.1"
      },
      "devDependencies": {
        "@playwright/test": "^1.61.1",
        "@types/node": "^20.14.10",
        "@types/react": "^18.3.3",
        "@types/react-dom": "^18.3.0",
        "autoprefixer": "^10.4.19",
        "eslint": "^8.57.0",
        "eslint-config-next": "^15.5.18",
        "postcss": "^8.5.10",
        "tailwindcss": "^3.4.7",
        "typescript": "^5.5.3"
      },
      "engines": {
        "node": "22.x"
      }
    },
    "node_modules/@alloc/quick-lru": {
      "version": "5.2.0",
      "resolved": "https://registry.npmjs.org/@alloc/quick-lru/-/quick-lru-5.2.0.tgz",
      "integrity": "sha512-UrcABB+4bUrFABwbluTIBErXwvbsU/V7TZWfmbgJfbkwiBuziS9gxdODUyuiecfdGQ85jglMW6juS3+z5TsKLw==",
      "dev": true,
      "license": "MIT",
      "engines": {
        "node": ">=10"
      },
      "funding": {
        "url": "https://github.com/sponsors/sindresorhus"
      }
    },
    "node_modules/@emnapi/core": {
      "version": "1.9.2",
      "resolved": "https://registry.npmjs.org/@emnapi/core/-/core-1.9.2.tgz",
      "integrity": "sha512-UC+ZhH3XtczQYfOlu3lNEkdW/p4dsJ1r/bP7H8+rhao3TTTMO1ATq/4DdIi23XuGoFY+Cz0JmCbdVl0hz9jZcA==",
      "dev": true,
      "license": "MIT",
      "optional": true,
      "dependencies": {
        "@emnapi/wasi-threads": "1.2.1",
        "tslib": "^2.4.0"
      }
    },
    "node_modules/@emnapi/runtime": {
      "version": "1.11.2",
      "resolved": "https://registry.npmjs.org/@emnapi/runtime/-/runtime-1.11.2.tgz",
      "integrity": "sha512-kyOl3X0DuTiT1h2ft8r2fYO8JYtU9a9Xis/zBSiGArNaagCOWx90N1k2wxp18czFDH+OgcWGb5ZP/XMt3dcyPA==",
      "license": "MIT",
      "optional": true,
      "dependencies": {
        "tslib": "^2.4.0"
      }
    },
    "node_modules/@emnapi/wasi-threads": {
      "version": "1.2.1",
      "resolved": "https://registry.npmjs.org/@emnapi/wasi-threads/-/wasi-threads-1.2.1.tgz",
      "integrity": "sha512-uTII7OYF+/Mes/MrcIOYp5yOtSMLBWSIoLPpcgwipoiKbli6k322tcoFsxoIIxPDqW01SQGAgko4EzZi2BNv2w==",
      "dev": true,
      "license": "MIT",
      "optional": true,
      "dependencies": {
        "tslib": "^2.4.0"
      }
    },
    "node_modules/@eslint-community/eslint-utils": {
      "version": "4.9.1",
      "resolved": "https://registry.npmjs.org/@eslint-community/eslint-utils/-/eslint-utils-4.9.1.tgz",
      "integrity": "sha512-phrYmNiYppR7znFEdqgfWHXR6NCkZEK7hwWDHZUjit/2/U0r6XvkDl0SYnoM51Hq7FhCGdLDT6zxCCOY1hexsQ==",
      "dev": true,
      "license": "MIT",
      "dependencies": {
        "eslint-visitor-keys": "^3.4.3"
      },
      "engines": {
        "node": "^12.22.0 || ^14.17.0 || >=16.0.0"
      },
      "funding": {
        "url": "https://opencollective.com/eslint"
      },
      "peerDependencies": {
        "eslint": "^6.0.0 || ^7.0.0 || >=8.0.0"
      }
    },
    "node_modules/@eslint-community/regexpp": {
      "version": "4.12.2",
      "resolved": "https://registry.npmjs.org/@eslint-community/regexpp/-/regexpp-4.12.2.tgz",
      "integrity": "sha512-EriSTlt5OC9/7SXkRSCAhfSxxoSUgBm33OH+IkwbdpgoqsSsUg7y3uh+IICI/Qg4BBWr3U2i39RpmycbxMq4ew==",
      "dev": true,
      "license": "MIT",
      "engines": {
        "node": "^12.0.0 || ^14.0.0 || >=16.0.0"
      }
    },
    "node_modules/@eslint/eslintrc": {
      "version": "2.1.4",
      "resolved": "https://registry.npmjs.org/@eslint/eslintrc/-/eslintrc-2.1.4.tgz",
      "integrity": "sha512-269Z39MS6wVJtsoUl10L60WdkhJVdPG24Q4eZTH3nnF6lpvSShEK3wQjDX9JRWAUPvPh7COouPpU9IrqaZFvtQ==",
      "dev": true,
      "license": "MIT",
      "dependencies": {
        "ajv": "^6.12.4",
        "debug": "^4.3.2",
        "espree": "^9.6.0",
        "globals": "^13.19.0",
        "ignore": "^5.2.0",
        "import-fresh": "^3.2.1",
        "js-yaml": "^4.1.0",
        "minimatch": "^3.1.2",
        "strip-json-comments": "^3.1.1"
      },
      "engines": {
        "node": "^12.22.0 || ^14.17.0 || >=16.0.0"
      },
      "funding": {
        "url": "https://opencollective.com/eslint"
      }
    },
    "node_modules/@eslint/js": {
      "version": "8.57.1",
      "resolved": "https://registry.npmjs.org/@eslint/js/-/js-8.57.1.tgz",
      "integrity": "sha512-d9zaMRSTIKDLhctzH12MtXvJKSSUhaHcjV+2Z+GK+EEY7XKpP5yR4x+N3TAcHTcu963nIr+TMcCb4DBCYX1z6Q==",
      "dev": true,
      "license": "MIT",
      "engines": {
        "node": "^12.22.0 || ^14.17.0 || >=16.0.0"
      }
    },
    "node_modules/@humanwhocodes/config-array": {
      "version": "0.13.0",
      "resolved": "https://registry.npmjs.org/@humanwhocodes/config-array/-/config-array-0.13.0.tgz",
      "integrity": "sha512-DZLEEqFWQFiyK6h5YIeynKx7JlvCYWL0cImfSRXZ9l4Sg2efkFGTuFf6vzXjK1cq6IYkU+Eg/JizXw+TD2vRNw==",
      "deprecated": "Use @eslint/config-array instead",
      "dev": true,
      "license": "Apache-2.0",
      "dependencies": {
        "@humanwhocodes/object-schema": "^2.0.3",
        "debug": "^4.3.1",
        "minimatch": "^3.0.5"
      },
      "engines": {
        "node": ">=10.10.0"
      }
    },
    "node_modules/@humanwhocodes/module-importer": {
      "version": "1.0.1",
      "resolved": "https://registry.npmjs.org/@humanwhocodes/module-importer/-/module-importer-1.0.1.tgz",
      "integrity": "sha512-bxveV4V8v5Yb4ncFTT3rPSgZBOpCkjfK0y4oVVVJwIuDVBRMDXrPyXRL988i5ap9m9bnyEEjWfm5WkBmtffLfA==",
      "dev": true,
      "license": "Apache-2.0",
      "engines": {
        "node": ">=12.22"
      },
      "funding": {
        "type": "github",
        "url": "https://github.com/sponsors/nzakas"
      }
    },
    "node_modules/@humanwhocodes/object-schema": {
      "version": "2.0.3",
      "resolved": "https://registry.npmjs.org/@humanwhocodes/object-schema/-/object-schema-2.0.3.tgz",
      "integrity": "sha512-93zYdMES/c1D69yZiKDBj0V24vqNzB/koF26KPaagAfd3P/4gUlh3Dys5ogAK+Exi9QyzlD8x/08Zt7wIKcDcA==",
      "deprecated": "Use @eslint/object-schema instead",
      "dev": true,
      "license": "BSD-3-Clause"
    },
    "node_modules/@img/colour": {
      "version": "1.1.0",
      "resolved": "https://registry.npmjs.org/@img/colour/-/colour-1.1.0.tgz",
      "integrity": "sha512-Td76q7j57o/tLVdgS746cYARfSyxk8iEfRxewL9h4OMzYhbW4TAcppl0mT4eyqXddh6L/jwoM75mo7ixa/pCeQ==",
      "license": "MIT",
      "optional": true,
      "engines": {
        "node": ">=18"
      }
    },
    "node_modules/@img/sharp-darwin-arm64": {
      "version": "0.35.3",
      "resolved": "https://registry.npmjs.org/@img/sharp-darwin-arm64/-/sharp-darwin-arm64-0.35.3.tgz",
      "integrity": "sha512-RMnFX7YQsMoh7lWfcM4NEHHymBX/rLuKNPVM84XE9ONPcaSCDgE7CHIHpSgPcO2xcRthgBy1HfNO319mwhIAkg==",
      "cpu": [
        "arm64"
      ],
      "license": "Apache-2.0",
      "optional": true,
      "os": [
        "darwin"
      ],
      "engines": {
        "node": ">=20.9.0"
      },
      "funding": {
        "url": "https://opencollective.com/libvips"
      },
      "optionalDependencies": {
        "@img/sharp-libvips-darwin-arm64": "1.3.2"
      }
    },
    "node_modules/@img/sharp-darwin-x64": {
      "version": "0.35.3",
      "resolved": "https://registry.npmjs.org/@img/sharp-darwin-x64/-/sharp-darwin-x64-0.35.3.tgz",
      "integrity": "sha512-Xo+5uFBtLN0BKqieTxiFzFPQAUlBbbH5iBKyRX/z1JrbnYsHTfKJnUfL8+p2TPXr1pXqao4eeL4Rl144uDpK9w==",
      "cpu": [
        "x64"
      ],
      "license": "Apache-2.0",
      "optional": true,
      "os": [
        "darwin"
      ],
      "engines": {
        "node": ">=20.9.0"
      },
      "funding": {
        "url": "https://opencollective.com/libvips"
      },
      "optionalDependencies": {
        "@img/sharp-libvips-darwin-x64": "1.3.2"
      }
    },
    "node_modules/@img/sharp-freebsd-wasm32": {
      "version": "0.35.3",
      "resolved": "https://registry.npmjs.org/@img/sharp-freebsd-wasm32/-/sharp-freebsd-wasm32-0.35.3.tgz",
      "integrity": "sha512-lUxcqWIj2wMQ9BrwNjngcr1gWUr5xgaGThBRqPPalIC2n67Cqj1uPh8NnA/ZhAg8hUbKl+kVHKwgUIwe6ZYPrg==",
      "license": "Apache-2.0",
      "optional": true,
      "os": [
        "freebsd"
      ],
      "dependencies": {
        "@img/sharp-wasm32": "0.35.3"
      },
      "engines": {
        "node": ">=20.9.0"
      },
      "funding": {
        "url": "https://opencollective.com/libvips"
      }
    },
    "node_modules/@img/sharp-libvips-darwin-arm64": {
      "version": "1.3.2",
      "resolved": "https://registry.npmjs.org/@img/sharp-libvips-darwin-arm64/-/sharp-libvips-darwin-arm64-1.3.2.tgz",
      "integrity": "sha512-9J6ypZFpQBj4YnePGoq/S38w6nz+vqg5WZLrLGY4YuSemdMq47GMLBPO42MzwdGwpg/agZ7xzZcFHa48xlywfg==",
      "cpu": [
        "arm64"
      ],
      "license": "LGPL-3.0-or-later",
      "optional": true,
      "os": [
        "darwin"
      ],
      "funding": {
        "url": "https://opencollective.com/libvips"
      }
    },
    "node_modules/@img/sharp-libvips-darwin-x64": {
      "version": "1.3.2",
      "resolved": "https://registry.npmjs.org/@img/sharp-libvips-darwin-x64/-/sharp-libvips-darwin-x64-1.3.2.tgz",
      "integrity": "sha512-m2pW1n6cns9VaubNwsZ+c3CRYjxNQWgJ5gPlnL1nbBcpkBvFm6SCFN5o0psFHI8w9n11NKhFkeEDns98tiqbEw==",
      "cpu": [
        "x64"
      ],
      "license": "LGPL-3.0-or-later",
      "optional": true,
      "os": [
        "darwin"
      ],
      "funding": {
        "url": "https://opencollective.com/libvips"
      }
    },
    "node_modules/@img/sharp-libvips-linux-arm": {
      "version": "1.3.2",
      "resolved": "https://registry.npmjs.org/@img/sharp-libvips-linux-arm/-/sharp-libvips-linux-arm-1.3.2.tgz",
      "integrity": "sha512-1eMLzy92I4J6rmi4mAT8yC3HxOtniyGELlzGbNMLLeqe052ahFQ0h6LFq+lh5DsDIdYViIDst08abvSbcEdLXQ==",
      "cpu": [
        "arm"
      ],
      "license": "LGPL-3.0-or-later",
      "optional": true,
      "os": [
        "linux"
      ],
      "funding": {
        "url": "https://opencollective.com/libvips"
      }
    },
    "node_modules/@img/sharp-libvips-linux-arm64": {
      "version": "1.3.2",
      "resolved": "https://registry.npmjs.org/@img/sharp-libvips-linux-arm64/-/sharp-libvips-linux-arm64-1.3.2.tgz",
      "integrity": "sha512-dqVSFynCox4C/J8kT16V7SIFAns0IjgLwkvYT7p8LQVmJ5OS5b6tI9IGflxTeuBS//zXeFIUbwt5dwxyZ17cnA==",
      "cpu": [
        "arm64"
      ],
      "license": "LGPL-3.0-or-later",
      "optional": true,
      "os": [
        "linux"
      ],
      "funding": {
        "url": "https://opencollective.com/libvips"
      }
    },
    "node_modules/@img/sharp-libvips-linux-ppc64": {
      "version": "1.3.2",
      "resolved": "https://registry.npmjs.org/@img/sharp-libvips-linux-ppc64/-/sharp-libvips-linux-ppc64-1.3.2.tgz",
      "integrity": "sha512-3z0NHDxD6n5I9gc05U1eW1AyRm+Gznzq3naMrthPNqE6oYykcogW0l/jfpJdjYnuNl8R7yI9pNbE1XiUeyq0Aw==",
      "cpu": [
        "ppc64"
      ],
      "license": "LGPL-3.0-or-later",
      "optional": true,
      "os": [
        "linux"
      ],
      "funding": {
        "url": "https://opencollective.com/libvips"
      }
    },
    "node_modules/@img/sharp-libvips-linux-riscv64": {
      "version": "1.3.2",
      "resolved": "https://registry.npmjs.org/@img/sharp-libvips-linux-riscv64/-/sharp-libvips-linux-riscv64-1.3.2.tgz",
      "integrity": "sha512-bsb4rI+NldGOsXuej2r8OdSS8+zXDVaCWxyWrcv6kneTOlgAHtZABRzBBCwdsPiD90J4myNJuHpg6kA20ImW/w==",
      "cpu": [
        "riscv64"
      ],
      "license": "LGPL-3.0-or-later",
      "optional": true,
      "os": [
        "linux"
      ],
      "funding": {
        "url": "https://opencollective.com/libvips"
      }
    },
    "node_modules/@img/sharp-libvips-linux-s390x": {
      "version": "1.3.2",
      "resolved": "https://registry.npmjs.org/@img/sharp-libvips-linux-s390x/-/sharp-libvips-linux-s390x-1.3.2.tgz",
      "integrity": "sha512-/ABshyj8gCpyIrNXnHn4LorDJ0HHm1VhXPBlxZ8zAtfVPAaSafXPGn+sUSIRiwaSBy0mmFjSjiXI5mkcwdChKQ==",
      "cpu": [
        "s390x"
      ],
      "license": "LGPL-3.0-or-later",
      "optional": true,
      "os": [
        "linux"
      ],
      "funding": {
        "url": "https://opencollective.com/libvips"
      }
    },
    "node_modules/@img/sharp-libvips-linux-x64": {
      "version": "1.3.2",
      "resolved": "https://registry.npmjs.org/@img/sharp-libvips-linux-x64/-/sharp-libvips-linux-x64-1.3.2.tgz",
      "integrity": "sha512-ITPEtgffGJ0S6G9dRyw/366tJQqFRcHWPHhC+Stpg3Z8AEMrDrTr2lhdz4f/Y/HMbRh//7Z5mBzEpVdi62Oc3w==",
      "cpu": [
        "x64"
      ],
      "license": "LGPL-3.0-or-later",
      "optional": true,
      "os": [
        "linux"
      ],
      "funding": {
        "url": "https://opencollective.com/libvips"
      }
    },
    "node_modules/@img/sharp-libvips-linuxmusl-arm64": {
      "version": "1.3.2",
      "resolved": "https://registry.npmjs.org/@img/sharp-libvips-linuxmusl-arm64/-/sharp-libvips-linuxmusl-arm64-1.3.2.tgz",
      "integrity": "sha512-zE9EdiUzUmg5mDT5a1rk5fYJ6GWPloTwWBYDS14naqHsL+EaMpDj1AWnpLgh3u0YCORv2Tt50wrcrpYqkP97Kw==",
      "cpu": [
        "arm64"
      ],
      "license": "LGPL-3.0-or-later",
      "optional": true,
      "os": [
        "linux"
      ],
      "funding": {
        "url": "https://opencollective.com/libvips"
      }
    },
    "node_modules/@img/sharp-libvips-linuxmusl-x64": {
      "version": "1.3.2",
      "resolved": "https://registry.npmjs.org/@img/sharp-libvips-linuxmusl-x64/-/sharp-libvips-linuxmusl-x64-1.3.2.tgz",
      "integrity": "sha512-m0lrLiUt+lBYnCFr8qV/65yMR4E/c7/wf78I5eKTdkEakFAlZ9QlzEM3QIhhAwVeUhLAHLcCq7a7Vszq/oFNZQ==",
      "cpu": [
        "x64"
      ],
      "license": "LGPL-3.0-or-later",
      "optional": true,
      "os": [
        "linux"
      ],
      "funding": {
        "url": "https://opencollective.com/libvips"
      }
    },
    "node_modules/@img/sharp-linux-arm": {
      "version": "0.35.3",
      "resolved": "https://registry.npmjs.org/@img/sharp-linux-arm/-/sharp-linux-arm-0.35.3.tgz",
      "integrity": "sha512-affVWCTLooy8TSxbDx2qkzuDeaWLNVBA+P//FNBirHsXpP2fuBhk5AuboYUnrDnzoXes8GFjpTx0SBFOCRg+FA==",
      "cpu": [
        "arm"
      ],
      "license": "Apache-2.0",
      "optional": true,
      "os": [
        "linux"
      ],
      "engines": {
        "node": ">=20.9.0"
      },
      "funding": {
        "url": "https://opencollective.com/libvips"
      },
      "optionalDependencies": {
       ïO8öÚ$z{-®éÜj×ÀÐ¢&æöFUöÖöGVÆW2÷G—VBÖ'&’Ö'—FRÖöfg6WB#¢°Ð¢'fW'6–öâ#¢#ããB"ÀÐ¢'&W6öÇfVB#¢&‡GG3¢ò÷&Vv—7G'’æçÖ§2æ÷&r÷G—VBÖ'&’Ö'—FRÖöfg6WBòÒ÷G—VBÖ'&’Ö'—FRÖöfg6WBÓããBçFw¢"ÀÐ¢&–çFVw&—G’#¢'6†S"Ö%FÄd"ôd%”Ö7Uƒƒv$ÃDö7ƒUÖÄd‡Ä47Ã„ÄW¤×£V³S6ôäGdã‡äõtÄVÔ“'ƒF÷'7&ôd#SGc•‚´ÔeÓÒ"ÀÐ¢&FWb#¢G'VRÀÐ¢&Æ–6Vç6R#¢$Ô•B"ÀÐ¢&FWVæFVæ6–W2#¢°Ð¢&f–Æ&ÆR×G—VBÖ'&—2#¢%ãããr"ÀÐ¢&6ÆÂÖ&–æB#¢%ããã‚"ÀÐ¢&f÷"ÖV6‚#¢%ãã2ã2"ÀÐ¢&v÷B#¢%ãã"ã"ÀÐ¢&†2×&÷Fò#¢%ãã"ã"ÀÐ¢&—2×G—VBÖ'&’#¢%ãããR"ÀÐ¢'&VfÆV7BævWG&÷F÷G—Vöb#¢%ããã’ Ð¢ÒÀÐ¢&Væv–æW2#¢°Ð¢&æöFR#¢#ãÒãB Ð¢ÒÀÐ¢&gVæF–ær#¢°Ð¢'W&Â#¢&‡GG3¢òöv—F‡V"æ6öÒ÷7öç6÷'2öÆ¦†&" Ð¢ÐÐ¢ÒÀÐ¢&æöFUöÖöGVÆW2÷G—VBÖ'&’ÖÆVæwF‚#¢°Ð¢'fW'6–öâ#¢#ããr"ÀÐ¢'&W6öÇfVB#¢&‡GG3¢ò÷&Vv—7G'’æçÖ§2æ÷&r÷G—VBÖ'&’ÖÆVæwF‚òÒ÷G—VBÖ'&’ÖÆVæwF‚ÓããrçFw¢"ÀÐ¢&–çFVw&—G’#¢'6†S"Ó4µ3&"¶´Ãvg7V²öT¥£tUFäVÕö†ò÷#dµVVcv‡‡fÇDäTE#„äTÒ³‡t¤Ö$§•£Ds’óv“7cW¥$”ÔãV–$ƒ"ô¦sÓÒ"ÀÐ¢&FWb#¢G'VRÀÐ¢&Æ–6Vç6R#¢$Ô•B"ÀÐ¢&FWVæFVæ6–W2#¢°Ð¢&6ÆÂÖ&–æB#¢%ãããr"ÀÐ¢&f÷"ÖV6‚#¢%ãã2ã2"ÀÐ¢&v÷B#¢%ããã"ÀÐ¢&—2×G—VBÖ'&’#¢%ããã2"ÀÐ¢'÷76–&ÆR×G—VBÖ'&’ÖæÖW2#¢%ããã"ÀÐ¢'&VfÆV7BævWG&÷F÷G—Vöb#¢%ãããb Ð¢ÒÀÐ¢&Væv–æW2#¢°Ð¢&æöFR#¢#ãÒãB Ð¢ÒÀÐ¢&gVæF–ær#¢°Ð¢'W&Â#¢&‡GG3¢òöv—F‡V"æ6öÒ÷7öç6÷'2öÆ¦†&" Ð¢ÐÐ¢ÒÀÐ¢&æöFUöÖöGVÆW2÷G—W67&—B#¢°Ð¢'fW'6–öâ#¢#Rã’ã2"ÀÐ¢'&W6öÇfVB#¢&‡GG3¢ò÷&Vv—7G'’æçÖ§2æ÷&r÷G—W67&—BòÒ÷G—W67&—BÓRã’ã2çFw¢"ÀÐ¢&–çFVw&—G’#¢'6†S"Ö¦Ãe§¥F–äÇ#–UWC4¢÷CucdftäWs•§d%G—7£”¶eDCCe$3%“GdµF–WeCF%†Æ#$†„Ç‡wFÓdÓUFu7sÓÒ"ÀÐ¢&FWb#¢G'VRÀÐ¢&Æ–6Vç6R#¢$6†RÓ"ã"ÀÐ¢&&–â#¢°Ð¢'G62#¢&&–â÷G62"ÀÐ¢'G76W'fW"#¢&&–â÷G76W'fW" Ð¢ÒÀÐ¢&Væv–æW2#¢°Ð¢&æöFR#¢#ãÓBãr Ð¢ÐÐ¢ÒÀÐ¢&æöFUöÖöGVÆW2÷Væ&÷‚×&–Ö—F—fR#¢°Ð¢'fW'6–öâ#¢#ãã"ÀÐ¢'&W6öÇfVB#¢&‡GG3¢ò÷&Vv—7G'’æçÖ§2æ÷&r÷Væ&÷‚×&–Ö—F—fRòÒ÷Væ&÷‚×&–Ö—F—fRÓããçFw¢"ÀÐ¢&–çFVw&—G’#¢'6†S"Öåt£“F¦Tö¶V¢õD‡…6×—'T·´U–wgs–Ç£Dõ†¢ôåtdæÇU—&¦'£–£4£‡”µC&sF¤fôö´”ä5Es$“TÄTW—sÓÒ"ÀÐ¢&FWb#¢G'VRÀÐ¢&Æ–6Vç6R#¢$Ô•B"ÀÐ¢&FWVæFVæ6–W2#¢°Ð¢&6ÆÂÖ&÷VæB#¢%ããã2"ÀÐ¢&†2Ö&–v–çG2#¢%ããã""ÀÐ¢&†2×7–Ö&öÇ2#¢%ããã"ÀÐ¢'v†–6‚Ö&÷†VB×&–Ö—F—fR#¢%ããã Ð¢ÒÀÐ¢&Væv–æW2#¢°Ð¢&æöFR#¢#ãÒãB Ð¢ÒÀÐ¢&gVæF–ær#¢°Ð¢'W&Â#¢&‡GG3¢òöv—F‡V"æ6öÒ÷7öç6÷'2öÆ¦†&" Ð¢ÐÐ¢ÒÀÐ¢&æöFUöÖöGVÆW2÷VæF–6’×G—W2#¢°Ð¢'fW'6–öâ#¢#bã#ã"ÀÐ¢'&W6öÇfVB#¢&‡GG3¢ò÷&Vv—7G'’æçÖ§2æ÷&r÷VæF–6’×G—W2òÒ÷VæF–6’×G—W2Óbã#ãçFw¢"ÀÐ¢&–çFVw&—G’#¢'6†S"Ö—tE§sw&s•&cTƒFãÓcF36Öµ#S–4£gu³t3Fä“w6ÔW†VF”ÄäóCFUCDD$'v¦%F”uÖÇC$ÖCC”ƒ”¥ÓÒ"ÀÐ¢&Æ–6Vç6R#¢$Ô•B Ð¢ÒÀÐ¢&æöFUöÖöGVÆW2÷Vç'2×&W6öÇfW"#¢°Ð¢'fW'6–öâ#¢#ãã"ÀÐ¢'&W6öÇfVB#¢&‡GG3¢ò÷&Vv—7G'’æçÖ§2æ÷&r÷Vç'2×&W6öÇfW"òÒ÷Vç'2×&W6öÇfW"ÓããçFw¢"ÀÐ¢&–çFVw&—G’#¢'6†S"Ö%6§C—¦T&äæ”vv3—%V”„t·cVÃBõDw¤FÕ—s5&†æ´¤wDÆ†&æäóW¦£wƒ6DäD5'‚õ§‡SssDÆÄƒ†Ä4öÄ#F„Vd¶sÓÒ"ÀÐ¢&FWb#¢G'VRÀÐ¢&†4–ç7FÆÅ67&—B#¢G'VRÀÐ¢&Æ–6Vç6R#¢$Ô•B"ÀÐ¢&FWVæFVæ6–W2#¢°Ð¢&æ’×÷7F–ç7FÆÂ#¢%ãã2ã Ð¢ÒÀÐ¢&gVæF–ær#¢°Ð¢'W&Â#¢&‡GG3¢òö÷Væ6öÆÆV7F—fRæ6öÒ÷Vç'2×&W6öÇfW" Ð¢ÒÀÐ¢&÷F–öæÄFWVæFVæ6–W2#¢°Ð¢$Vç'2÷&W6öÇfW"Ö&–æF–ærÖæG&ö–BÖ&ÒÖV&’#¢#ãã"ÀÐ¢$Vç'2÷&W6öÇfW"Ö&–æF–ærÖæG&ö–BÖ&ÓcB#¢#ãã"ÀÐ¢$Vç'2÷&W6öÇfW"Ö&–æF–ærÖF'v–âÖ&ÓcB#¢#ãã"ÀÐ¢$Vç'2÷&W6öÇfW"Ö&–æF–ærÖF'v–â×ƒcB#¢#ãã"ÀÐ¢$Vç'2÷&W6öÇfW"Ö&–æF–ærÖg&VV'6B×ƒcB#¢#ãã"ÀÐ¢$Vç'2÷&W6öÇfW"Ö&–æF–ærÖÆ–çW‚Ö&ÒÖvçVV&–†b#¢#ãã"ÀÐ¢$Vç'2÷&W6öÇfW"Ö&–æF–ærÖÆ–çW‚Ö&ÒÖ×W6ÆV&–†b#¢#ãã"ÀÐ¢$Vç'2÷&W6öÇfW"Ö&–æF–ærÖÆ–çW‚Ö&ÓcBÖvçR#¢#ãã"ÀÐ¢$Vç'2÷&W6öÇfW"Ö&–æF–ærÖÆ–çW‚Ö&ÓcBÖ×W6Â#¢#ãã"ÀÐ¢$Vç'2÷&W6öÇfW"Ö&–æF–ærÖÆ–çW‚×3cBÖvçR#¢#ãã"ÀÐ¢$Vç'2÷&W6öÇfW"Ö&–æF–ærÖÆ–çW‚×&—67ccBÖvçR#¢#ãã"ÀÐ¢$Vç'2÷&W6öÇfW"Ö&–æF–ærÖÆ–çW‚×&—67ccBÖ×W6Â#¢#ãã"ÀÐ¢$Vç'2÷&W6öÇfW"Ö&–æF–ærÖÆ–çW‚×33“‚ÖvçR#¢#ãã"ÀÐ¢$Vç'2÷&W6öÇfW"Ö&–æF–ærÖÆ–çW‚×ƒcBÖvçR#¢#ãã"ÀÐ¢$Vç'2÷&W6öÇfW"Ö&–æF–ærÖÆ–çW‚×ƒcBÖ×W6Â#¢#ãã"ÀÐ¢$Vç'2÷&W6öÇfW"Ö&–æF–ær×v6Ó3"×v6’#¢#ãã"ÀÐ¢$Vç'2÷&W6öÇfW"Ö&–æF–ær×v–ã3"Ö&ÓcBÖ×7f2#¢#ãã"ÀÐ¢$Vç'2÷&W6öÇfW"Ö&–æF–ær×v–ã3"Ö–3"Ö×7f2#¢#ãã"ÀÐ¢$Vç'2÷&W6öÇfW"Ö&–æF–ær×v–ã3"×ƒcBÖ×7f2#¢#ãã Ð¢ÐÐ¢ÒÀÐ¢&æöFUöÖöGVÆW2÷WFFRÖ'&÷w6W'6Æ—7BÖF"#¢°Ð¢'fW'6–öâ#¢#ã"ã2"ÀÐ¢'&W6öÇfVB#¢&‡GG3¢ò÷&Vv—7G'’æçÖ§2æ÷&r÷WFFRÖ'&÷w6W'6Æ—7BÖF"òÒ÷WFFRÖ'&÷w6W'6Æ—7BÖF"Óã"ã2çFw¢"ÀÐ¢&–çFVw&—G’#¢'6†S"Ô§3Ó–7‚·ötG†óTÖ”dtWVUw§G¢¶CB´Ó7$vÆÔµBµCD•2ö¥G–Çs4çwSf7EE…#Ô3´cEf&DÇC4&c#—sÓÒ"ÀÐ¢&FWb#¢G'VRÀÐ¢&gVæF–ær#¢°Ð¢°Ð¢'G—R#¢&÷Væ6öÆÆV7F—fR"ÀÐ¢'W&Â#¢&‡GG3¢òö÷Væ6öÆÆV7F—fRæ6öÒö'&÷w6W'6Æ—7B Ð¢ÒÀÐ¢°Ð¢'G—R#¢'F–FVÆ–gB"ÀÐ¢'W&Â#¢&‡GG3¢ò÷F–FVÆ–gBæ6öÒögVæF–æröv—F‡V"öçÒö'&÷w6W'6Æ—7B Ð¢ÒÀÐ¢°Ð¢'G—R#¢&v—F‡V""ÀÐ¢'W&Â#¢&‡GG3¢òöv—F‡V"æ6öÒ÷7öç6÷'2ö’ Ð¢ÐÐ¢ÒÀÐ¢&Æ–6Vç6R#¢$Ô•B"ÀÐ¢&FWVæFVæ6–W2#¢°Ð¢&W66ÆFR#¢%ã2ã"ã"ÀÐ¢'–6ö6öÆ÷'2#¢%ããã Ð¢ÒÀÐ¢&&–â#¢°Ð¢'WFFRÖ'&÷w6W'6Æ—7BÖF"#¢&6Æ’æ§2 Ð¢ÒÀÐ¢'VW$FWVæFVæ6–W2#¢°Ð¢&'&÷w6W'6Æ—7B#¢#ãÒBã#ã Ð¢ÐÐ¢ÒÀÐ¢&æöFUöÖöGVÆW2÷W&’Ö§2#¢°Ð¢'fW'6–öâ#¢#BãBã"ÀÐ¢'&W6öÇfVB#¢&‡GG3¢ò÷&Vv—7G'’æçÖ§2æ÷&r÷W&’Ö§2òÒ÷W&’Ö§2ÓBãBãçFw¢"ÀÐ¢&–çFVw&—G’#¢'6†S"Ów$µW—“35–3“‡DÔÇGuƒ”cuD–evÅs–Fó…vÃ–“6T†–VVƒ„†eTÃ&dÕ„³g£3†V4·3–g$7TÄ§fæD&sÓÒ"ÀÐ¢&FWb#¢G'VRÀÐ¢&Æ–6Vç6R#¢$%4BÓ"Ô6ÆW6R"ÀÐ¢&FWVæFVæ6–W2#¢°Ð¢'Vç–6öFR#¢%ã"ãã Ð¢ÐÐ¢ÒÀÐ¢&æöFUöÖöGVÆW2÷WF–ÂÖFW&V6FR#¢°Ð¢'fW'6–öâ#¢#ãã""ÀÐ¢'&W6öÇfVB#¢&‡GG3¢ò÷&Vv—7G'’æçÖ§2æ÷&r÷WF–ÂÖFW&V6FRòÒ÷WF–ÂÖFW&V6FRÓãã"çFw¢"ÀÐ¢&–çFVw&—G’#¢'6†S"ÔUCWU‡”g„§7$Æä63ä†ç6tödE¤&ö4–”“%F44ud4£T¤DÖt7¤–µ„ç5U–dCF²òôÅDU‡†”–'$‡F7sÓÒ"ÀÐ¢&FWb#¢G'VRÀÐ¢&Æ–6Vç6R#¢$Ô•B Ð¢ÒÀÐ¢&æöFUöÖöGVÆW2÷v†–6‚#¢°Ð¢'fW'6–öâ#¢#"ãã""ÀÐ¢'&W6öÇfVB#¢&‡GG3¢ò÷&Vv—7G'’æçÖ§2æ÷&r÷v†–6‚òÒ÷v†–6‚Ó"ãã"çFw¢"ÀÐ¢&–çFVw&—G’#¢'6†S"Ô$Ä“5FÃEs5fÃsÃ7—5“cF’¶wu‡4t%•v¶·×Fæ%†w$ÔB·–£w&…s·TTG‡¤¦•„v¤UsVöv´äÔT´äÖ¦–$ÓÒ"ÀÐ¢&FWb#¢G'VRÀÐ¢&Æ–6Vç6R#¢$•42"ÀÐ¢&FWVæFVæ6–W2#¢°Ð¢&—6W†R#¢%ã"ãã Ð¢ÒÀÐ¢&&–â#¢°Ð¢&æöFR×v†–6‚#¢&&–âöæöFR×v†–6‚ Ð¢ÒÀÐ¢&Væv–æW2#¢°Ð¢&æöFR#¢#ãÒ‚ Ð¢ÐÐ¢ÒÀÐ¢&æöFUöÖöGVÆW2÷v†–6‚Ö&÷†VB×&–Ö—F—fR#¢°Ð¢'fW'6–öâ#¢#ãã"ÀÐ¢'&W6öÇfVB#¢&‡GG3¢ò÷&Vv—7G'’æçÖ§2æ÷&r÷v†–6‚Ö&÷†VB×&–Ö—F—fRòÒ÷v†–6‚Ö&÷†VB×&–Ö—F—fRÓããçFw¢"ÀÐ¢&–çFVw&—G’#¢'6†S"ÕF%ƒ6Ö£†ãöD4$efÅ“„†·4„7s4Ãc¤—Tc†¤es†£43%–†Ôwg$„'¥E$ƒ"÷‡—Vç$£–s¥7–¤6§õw¤”ÓÒ"ÀÐ¢&FWb#¢G'VRÀÐ¢&Æ–6Vç6R#¢$Ô•B"ÀÐ¢&FWVæFVæ6–W2#¢°Ð¢&—2Ö&–v–çB#¢%ããã"ÀÐ¢&—2Ö&ööÆVâÖö&¦V7B#¢%ãã"ã"ÀÐ¢&—2ÖçVÖ&W"Öö&¦V7B#¢%ããã"ÀÐ¢&—2×7G&–ær#¢%ããã"ÀÐ¢&—2×7–Ö&öÂ#¢%ããã Ð¢ÒÀÐ¢&Væv–æW2#¢°Ð¢&æöFR#¢#ãÒãB Ð¢ÒÀÐ¢&gVæF–ær#¢°Ð¢'W&Â#¢&‡GG3¢òöv—F‡V"æ6öÒ÷7öç6÷'2öÆ¦†&" Ð¢ÐÐ¢ÒÀÐ¢&æöFUöÖöGVÆW2÷v†–6‚Ö'V–ÇF–â×G—R#¢°Ð¢'fW'6–öâ#¢#ã"ã"ÀÐ¢'&W6öÇfVB#¢&‡GG3¢ò÷&Vv—7G'’æçÖ§2æ÷&r÷v†–6‚Ö'V–ÇF–â×G—RòÒ÷v†–6‚Ö'V–ÇF–â×G—RÓã"ãçFw¢"ÀÐ¢&–çFVw&—G’#¢'6†S"Óf”&7¦õ‚¶´Ev2µ”¤&æƒ5B´µ¥'„Òö•”å†–7³cbõfÓ#“6—R·”ô–Ö¶s¤†&£TÄäö4çcDTF•£†3D#GeÓÒ"ÀÐ¢&FWb#¢G'VRÀÐ¢&Æ–6Vç6R#¢$Ô•B"ÀÐ¢&FWVæFVæ6–W2#¢°Ð¢&6ÆÂÖ&÷VæB#¢%ããã""ÀÐ¢&gVæ7F–öâç&÷F÷G—RææÖR#¢%ãããb"ÀÐ¢&†2×F÷7G&–æwFr#¢%ããã""ÀÐ¢&—2Ö7–æ2ÖgVæ7F–öâ#¢%ã"ãã"ÀÐ¢&—2ÖFFRÖö&¦V7B#¢%ããã"ÀÐ¢&—2Öf–æÆ—¦F–öç&Vv—7G'’#¢%ããã"ÀÐ¢&—2ÖvVæW&F÷"ÖgVæ7F–öâ#¢%ããã"ÀÐ¢&—2×&VvW‚#¢%ãã"ã"ÀÐ¢&—2×vV·&Vb#¢%ããã""ÀÐ¢&—6'&’#¢%ã"ããR"ÀÐ¢'v†–6‚Ö&÷†VB×&–Ö—F—fR#¢%ããã"ÀÐ¢'v†–6‚Ö6öÆÆV7F–öâ#¢%ããã""ÀÐ¢'v†–6‚×G—VBÖ'&’#¢%ãããb Ð¢ÒÀÐ¢&Væv–æW2#¢°Ð¢&æöFR#¢#ãÒãB Ð¢ÒÀÐ¢&gVæF–ær#¢°Ð¢'W&Â#¢&‡GG3¢òöv—F‡V"æ6öÒ÷7öç6÷'2öÆ¦†&" Ð¢ÐÐ¢ÒÀÐ¢&æöFUöÖöGVÆW2÷v†–6‚Ö6öÆÆV7F–öâ#¢°Ð¢'fW'6–öâ#¢#ãã""ÀÐ¢'&W6öÇfVB#¢&‡GG3¢ò÷&Vv—7G'’æçÖ§2æ÷&r÷v†–6‚Ö6öÆÆV7F–öâòÒ÷v†–6‚Ö6öÆÆV7F–öâÓãã"çFw¢"ÀÐ¢&–çFVw&—G’#¢'6†S"Ô³F¥g–¦ä&Fwf3ƒe“d&¶Å¤Tã“357u”÷T$f¶FÔ'S•¦f¶4&Ef'•FäFÖ§e¢ö¥%…'cTUµFäC33”v–—&æt7sÓÒ"ÀÐ¢&FWb#¢G'VRÀÐ¢&Æ–6Vç6R#¢$Ô•B"ÀÐ¢&FWVæFVæ6–W2#¢°Ð¢&—2ÖÖ#¢%ã"ãã2"ÀÐ¢&—2×6WB#¢%ã"ãã2"ÀÐ¢&—2×vV¶Ö#¢%ã"ãã""ÀÐ¢&—2×vV·6WB#¢%ã"ãã2 Ð¢ÒÀÐ¢&Væv–æW2#¢°Ð¢&æöFR#¢#ãÒãB Ð¢ÒÀÐ¢&gVæF–ær#¢°Ð¢'W&Â#¢&‡GG3¢òöv—F‡V"æ6öÒ÷7öç6÷'2öÆ¦†&" Ð¢ÐÐ¢ÒÀÐ¢&æöFUöÖöGVÆW2÷v†–6‚×G—VBÖ'&’#¢°Ð¢'fW'6–öâ#¢#ãã#"ÀÐ¢'&W6öÇfVB#¢&‡GG3¢ò÷&Vv—7G'’æçÖ§2æ÷&r÷v†–6‚×G—VBÖ'&’òÒ÷v†–6‚×G—VBÖ'&’Óãã#çFw¢"ÀÐ¢&–çFVw&—G’#¢'6†S"ÔÅ–gV¶×vÃƒ”$„Ã”Ö×3C#u%¥wTô‡7V¶ef4µ'—“V•†Gs—ƒ¥'&4E#•ƒGvcUó„õ¦#VÆ·5£…†sÓÒ"ÀÐ¢&FWb#¢G'VRÀÐ¢&Æ–6Vç6R#¢$Ô•B"ÀÐ¢&FWVæFVæ6–W2#¢°Ð¢&f–Æ&ÆR×G—VBÖ'&—2#¢%ãããr"ÀÐ¢&6ÆÂÖ&–æB#¢%ããã‚"ÀÐ¢&6ÆÂÖ&÷VæB#¢%ãããB"ÀÐ¢&f÷"ÖV6‚#¢%ãã2ãR"ÀÐ¢&vWB×&÷Fò#¢%ããã"ÀÐ¢&v÷B#¢%ãã"ã"ÀÐ¢&†2×F÷7G&–æwFr#¢%ããã" Ð¢ÒÀÐ¢&Væv–æW2#¢°Ð¢&æöFR#¢#ãÒãB Ð¢ÒÀÐ¢&gVæF–ær#¢°Ð¢'W&Â#¢&‡GG3¢òöv—F‡V"æ6öÒ÷7öç6÷'2öÆ¦†&" Ð¢ÐÐ¢ÒÀÐ¢&æöFUöÖöGVÆW2÷v÷&B×w&#¢°Ð¢'fW'6–öâ#¢#ã"ãR"ÀÐ¢'&W6öÇfVB#¢&‡GG3¢ò÷&Vv—7G'’æçÖ§2æ÷&r÷v÷&B×w&òÒ÷v÷&B×w&Óã"ãRçFw¢"ÀÐ¢&–çFVw&—G’#¢'6†S"Ô$ã#$#VVÔÔ“•T×F§$vCVsVT5•5EW“d¥†%—6CW¥—†¤dö6µ3S55DS7vµfõw……f#4'%–4TãEGvST#V4ÓÒ"ÀÐ¢&FWb#¢G'VRÀÐ¢&Æ–6Vç6R#¢$Ô•B"ÀÐ¢&Væv–æW2#¢°Ð¢&æöFR#¢#ãÓãã Ð¢ÐÐ¢ÒÀÐ¢&æöFUöÖöGVÆW2÷w&Öç6’#¢°Ð¢'fW'6–öâ#¢#‚ãã"ÀÐ¢'&W6öÇfVB#¢&‡GG3¢ò÷&Vv—7G'’æçÖ§2æ÷&r÷w&Öç6’òÒ÷w&Öç6’Ó‚ããçFw¢"ÀÐ¢&–çFVw&—G’#¢'6†S"×6“ut“g¥T×Sf$U4gfwF×¤ÖDt÷F÷†e"µ6W£Öö&f3wFÒµfµV6¶³–%s%VVfeDueV$ö·7†Õ7s&w3†ssä5ÓÒ"ÀÐ¢&FWb#¢G'VRÀÐ¢&Æ–6Vç6R#¢$Ô•B"ÀÐ¢&FWVæFVæ6–W2#¢°Ð¢&ç6’×7G–ÆW2#¢%ãbãã"ÀÐ¢'7G&–ær×v–GF‚#¢%ãRãã"ÀÐ¢'7G&—Öç6’#¢%ãrãã Ð¢ÒÀÐ¢&Væv–æW2#¢°Ð¢&æöFR#¢#ãÓ" Ð¢ÒÀÐ¢&gVæF–ær#¢°Ð¢'W&Â#¢&‡GG3¢òöv—F‡V"æ6öÒö6†Æ²÷w&Öç6“÷7öç6÷#Ó Ð¢ÐÐ¢ÒÀÐ¢&æöFUöÖöGVÆW2÷w&Öç6’Ö6§2#¢°Ð¢&æÖR#¢'w&Öç6’"ÀÐ¢'fW'6–öâ#¢#rãã"ÀÐ¢'&W6öÇfVB#¢&‡GG3¢ò÷&Vv—7G'’æçÖ§2æ÷&r÷w&Öç6’òÒ÷w&Öç6’ÓrããçFw¢"ÀÐ¢&–çFVw&—G’#¢'6†S"Õ•dt–£&¶ÔÅ5G‡sdç5¦¦ô'†e7w6ã–6FW6Ö3Gµ#3W¥U£Â´æg…fG…FD‡fÔådõe…5”sDWG—Bôf“tCeÓÒ"ÀÐ¢&FWb#¢G'VRÀÐ¢&Æ–6Vç6R#¢$Ô•B"ÀÐ¢&FWVæFVæ6–W2#¢°Ð¢&ç6’×7G–ÆW2#¢%ãBãã"ÀÐ¢'7G&–ær×v–GF‚#¢%ãBãã"ÀÐ¢'7G&—Öç6’#¢%ãbãã Ð¢ÒÀÐ¢&Væv–æW2#¢°Ð¢&æöFR#¢#ãÓ Ð¢ÒÀÐ¢&gVæF–ær#¢°Ð¢'W&Â#¢&‡GG3¢òöv—F‡V"æ6öÒö6†Æ²÷w&Öç6“÷7öç6÷#Ó Ð¢ÐÐ¢ÒÀÐ¢&æöFUöÖöGVÆW2÷w&Öç6’Ö6§2öæöFUöÖöGVÆW2öVÖö¦’×&VvW‚#¢°Ð¢'fW'6–öâ#¢#‚ãã"ÀÐ¢'&W6öÇfVB#¢&‡GG3¢ò÷&Vv—7G'’æçÖ§2æ÷&röVÖö¦’×&VvW‚òÒöVÖö¦’×&VvW‚Ó‚ããçFw¢"ÀÐ¢&–çFVw&—G’#¢'6†S"ÔÕ6¥—¦5täôWt‡£×‡”ggvsg–§“äs7‡FV÷£cCEd6òõ%vç#ôtwB¶–36”¥G¥„WS5FDÓE6våeVÔtSdÓÒ"ÀÐ¢&FWb#¢G'VRÀÐ¢&Æ–6Vç6R#¢$Ô•B Ð¢ÒÀÐ¢&æöFUöÖöGVÆW2÷w&Öç6’Ö6§2öæöFUöÖöGVÆW2÷7G&–ær×v–GF‚#¢°Ð¢'fW'6–öâ#¢#Bã"ã2"ÀÐ¢'&W6öÇfVB#¢&‡GG3¢ò÷&Vv—7G'’æçÖ§2æ÷&r÷7G&–ær×v–GF‚òÒ÷7G&–ær×v–GF‚ÓBã"ã2çFw¢"ÀÐ¢&–çFVw&—G’#¢'6†S"×t·•%¤£4—c$W%5¦Dw6¤Ô¥w6Võ$æ–„†‡Sdst¥dòó–¤”#eW–WdÂ·E‡T÷&æs†¢ö7„µEw•uWwe5G&–•§¢ösÓÒ"ÀÐ¢&FWb#¢G'VRÀÐ¢&Æ–6Vç6R#¢$Ô•B"ÀÐ¢&FWVæFVæ6–W2#¢°Ð¢&VÖö¦’×&VvW‚#¢%ã‚ãã"ÀÐ¢&—2ÖgVÆÇv–GF‚Ö6öFR×ö–çB#¢%ã2ãã"ÀÐ¢'7G&—Öç6’#¢%ãbãã Ð¢ÒÀÐ¢&Væv–æW2#¢°Ð¢&æöFR#¢#ãÓ‚ Ð¢ÐÐ¢ÒÀÐ¢&æöFUöÖöGVÆW2÷w&Öç6’öæöFUöÖöGVÆW2öç6’×&VvW‚#¢°Ð¢'fW'6–öâ#¢#bã"ã""ÀÐ¢'&W6öÇfVB#¢&‡GG3¢ò÷&Vv—7G'’æçÖ§2æ÷&röç6’×&VvW‚òÒöç6’×&VvW‚Óbã"ã"çFw¢"ÀÐ¢&–çFVw&—G’#¢'6†S"Ô'56Õ7”d†v¥³„–c—–3g7dÓ†3SfD#T$EsE'sV¤…Gwu…†5DÆõ$Ö·D§edÃ‡¦Åv4…E‡&´eU$Õ–ÔC4ÇsÓÒ"ÀÐ¢&FWb#¢G'VRÀÐ¢&Æ–6Vç6R#¢$Ô•B"ÀÐ¢&Væv–æW2#¢°Ð¢&æöFR#¢#ãÓ" Ð¢ÒÀÐ¢&gVæF–ær#¢°Ð¢'W&Â#¢&‡GG3¢òöv—F‡V"æ6öÒö6†Æ²öç6’×&VvWƒ÷7öç6÷#Ó Ð¢ÐÐ¢ÒÀÐ¢&æöFUöÖöGVÆW2÷w&Öç6’öæöFUöÖöGVÆW2öç6’×7G–ÆW2#¢°Ð¢'fW'6–öâ#¢#bã"ã2"ÀÐ¢'&W6öÇfVB#¢&‡GG3¢ò÷&Vv—7G'’æçÖ§2æ÷&röç6’×7G–ÆW2òÒöç6’×7G–ÆW2Óbã"ã2çFw¢"ÀÐ¢&–çFVw&—G’#¢'6†S"ÓDF£dÓ#„¤"¶ôƒ†´fµDÅVò¶&§tôf·W#7—V5S4æ5%%V'…35å¥”4v¦634$å‡u$—5UfÔDvw¦vÖSw§d¤‡fsÓÒ"ÀÐ¢&FWb#¢G'VRÀÐ¢&Æ–6Vç6R#¢$Ô•B"ÀÐ¢&Væv–æW2#¢°Ð¢&æöFR#¢#ãÓ" Ð¢ÒÀÐ¢&gVæF–ær#¢°Ð¢'W&Â#¢&‡GG3¢òöv—F‡V"æ6öÒö6†Æ²öç6’×7G–ÆW3÷7öç6÷#Ó Ð¢ÐÐ¢ÒÀÐ¢&æöFUöÖöGVÆW2÷w&Öç6’öæöFUöÖöGVÆW2÷7G&—Öç6’#¢°Ð¢'fW'6–öâ#¢#rã"ã"ÀÐ¢'&W6öÇfVB#¢&‡GG3¢ò÷&Vv—7G'’æçÖ§2æ÷&r÷7G&—Öç6’òÒ÷7G&—Öç6’Órã"ãçFw¢"ÀÐ¢&–çFVw&—G’#¢'6†S"×”EÔæ§Ew–e”&´†æ¤•$Æf6“d´×”t7G5fvô¶R÷£³ggV¶vTæFtt%§Bµ¦Ôµ3FvgdU£Töt†d†G&¦†tç”swsÓÒ"ÀÐ¢&FWb#¢G'VRÀÐ¢&Æ–6Vç6R#¢$Ô•B"ÀÐ¢&FWVæFVæ6–W2#¢°Ð¢&ç6’×&VvW‚#¢%ãbã"ã" Ð¢ÒÀÐ¢&Væv–æW2#¢°Ð¢&æöFR#¢#ãÓ" Ð¢ÒÀÐ¢&gVæF–ær#¢°Ð¢'W&Â#¢&‡GG3¢òöv—F‡V"æ6öÒö6†Æ²÷7G&—Öç6“÷7öç6÷#Ó Ð¢ÐÐ¢ÒÀÐ¢&æöFUöÖöGVÆW2÷w2#¢°Ð¢'fW'6–öâ#¢#‚ã#ã"ÀÐ¢'&W6öÇfVB#¢&‡GG3¢ò÷&Vv—7G'’æçÖ§2æ÷&r÷w2òÒ÷w2Ó‚ã#ãçFw¢"ÀÐ¢&–çFVw&—G’#¢'6†S"Õg7#†#tE&6–Ôeg'S%vV³7£•—„D5w…”#…6æ²õ3E&f5¥u”$çUf¤¥c66CeV”·EWGg4äÓsvuwg¦44‚¶sÓÒ"ÀÐ¢&Æ–6Vç6R#¢$Ô•B"ÀÐ¢&Væv–æW2#¢°Ð¢&æöFR#¢#ãÓãã Ð¢ÒÀÐ¢'VW$FWVæFVæ6–W2#¢°Ð¢&'VffW'WF–Â#¢%ãBãã"ÀÐ¢'WFbÓ‚×fÆ–FFR#¢#ãÓRãã" Ð¢ÒÀÐ¢'VW$FWVæFVæ6–W4ÖWF#¢°Ð¢&'VffW'WF–Â#¢°Ð¢&÷F–öæÂ#¢G'VPÐ¢ÒÀÐ¢'WFbÓ‚×fÆ–FFR#¢°Ð¢&÷F–öæÂ#¢G'VPÐ¢ÐÐ¢ÐÐ¢ÒÀÐ¢&æöFUöÖöGVÆW2÷–ö7Fò×VWVR#¢°Ð¢'fW'6–öâ#¢#ãã"ÀÐ¢'&W6öÇfVB#¢&‡GG3¢ò÷&Vv—7G'’æçÖ§2æ÷&r÷–ö7Fò×VWVRòÒ÷–ö7Fò×VWVRÓããçFw¢"ÀÐ¢&–çFVw&—G’#¢'6†S"×%f·7g6ää6D¢öö„v3g†uw”ã†V†T7‡6”ÄÓ†×‡TR÷BöÔõg¦WuTóÖ”ÇD…•&uD´4ÆW„ÃDÖTefwG3t†Ôå£%ÓÒ"ÀÐ¢&FWb#¢G'VRÀÐ¢&Æ–6Vç6R#¢$Ô•B"ÀÐ¢&Væv–æW2#¢°Ð¢&æöFR#¢#ãÓ Ð¢ÒÀÐ¢&gVæF–ær#¢°Ð¢'W&Â#¢&‡GG3¢òöv—F‡V"æ6öÒ÷7öç6÷'2÷6–æG&W6÷&‡W2 Ð¢ÐÐ¢ÐÐ¢ÐÐ§ÐÐ